
Microsoft Visual Studio Solution File, Format Version 12.00
# Visual Studio Version 16
VisualStudioVersion = 16.0.31729.503
MinimumVisualStudioVersion = 10.0.40219.1
Project("{FAE04EC0-301F-11D3-BF4B-00C04F79EFBC}") = "Practice 3", "Practice 3\Practice 3.csproj", "{B5EA7165-6E48-4B19-BC39-A81BD5B66C74}"
EndProject
Global
	GlobalSection(SolutionConfigurationPlatforms) = preSolution
		Debug|Any CPU = Debug|Any CPU
		Release|Any CPU = Release|Any CPU
	EndGlobalSection
	GlobalSection(ProjectConfigurationPlatforms) = postSolution
		{B5EA7165-6E48-4B19-BC39-A81BD5B66C74}.Debug|Any CPU.ActiveCfg = Debug|Any CPU
		{B5EA7165-6E48-4B19-BC39-A81BD5B66C74}.Debug|Any CPU.Build.0 = Debug|Any CPU
		{B5EA7165-6E48-4B19-BC39-A81BD5B66C74}.Release|Any CPU.ActiveCfg = Release|Any CPU
		{B5EA7165-6E48-4B19-BC39-A81BD5B66C74}.Release|Any CPU.Build.0 = Release|Any CPU
	EndGlobalSection
	GlobalSection(SolutionProperties) = preSolution
		HideSolutionNode = FALSE
	EndGlobalSection
	GlobalSection(ExtensibilityGlobals) = postSolution
		SolutionGuid = {F924A592-B8BC-4FEB-97E8-44116CC502D8}
	EndGlobalSection
EndGlobal
